
Microsoft Visual Studio Solution File, Format Version 12.00
# Visual Studio 15
VisualStudioVersion = 15.0.27428.2037
MinimumVisualStudioVersion = 10.0.40219.1
Project("{FAE04EC0-301F-11D3-BF4B-00C04F79EFBC}") = "Stuco.Android", "Stuco\Stuco.Android\Stuco.Android.csproj", "{15B67003-C730-4A1E-8FBE-E114E590BCDD}"
EndProject
Project("{FAE04EC0-301F-11D3-BF4B-00C04F79EFBC}") = "Stuco.iOS", "Stuco\Stuco.iOS\Stuco.iOS.csproj", "{0F6BAA7B-A7F6-4914-BB43-9B591382F07E}"
EndProject
Project("{FAE04EC0-301F-11D3-BF4B-00C04F79EFBC}") = "Stuco", "Stuco\Stuco\Stuco.csproj", "{A3635D30-E22A-47D7-BFA6-99C07D736582}"
EndProject
Global
	GlobalSection(SolutionConfigurationPlatforms) = preSolution
		Ad-Hoc|Any CPU = Ad-Hoc|Any CPU
		Ad-Hoc|iPhone = Ad-Hoc|iPhone
		Ad-Hoc|iPhoneSimulator = Ad-Hoc|iPhoneSimulator
		AppStore|Any CPU = AppStore|Any CPU
		AppStore|iPhone = AppStore|iPhone
		AppStore|iPhoneSimulator = AppStore|iPhoneSimulator
		Debug|Any CPU = Debug|Any CPU
		Debug|iPhone = Debug|iPhone
		Debug|iPhoneSimulator = Debug|iPhoneSimulator
		Release|Any CPU = Release|Any CPU
		Release|iPhone = Release|iPhone
		Release|iPhoneSimulator = Release|iPhoneSimulator
	EndGlobalSection
	GlobalSection(ProjectConfigurationPlatforms) = postSolution
		{15B67003-C730-4A1E-8FBE-E114E590BCDD}.Ad-Hoc|Any CPU.ActiveCfg = Release|Any CPU
		{15B67003-C730-4A1E-8FBE-E114E590BCDD}.Ad-Hoc|Any CPU.Build.0 = Release|Any CPU
		{15B67003-C730-4A1E-8FBE-E114E590BCDD}.Ad-Hoc|Any CPU.Deploy.0 = Release|Any CPU
		{15B67003-C730-4A1E-8FBE-E114E590BCDD}.Ad-Hoc|iPhone.ActiveCfg = Release|Any CPU
		{15B67003-C730-4A1E-8FBE-E114E590BCDD}.Ad-Hoc|iPhone.Build.0 = Release|Any CPU
		{15B67003-C730-4A1E-8FBE-E114E590BCDD}.Ad-Hoc|iPhone.Deploy.0 = Release|Any CPU
		{15B67003-C730-4A1E-8FBE-E114E590BCDD}.Ad-Hoc|iPhoneSimulator.ActiveCfg = Release|Any CPU
		{15B67003-C730-4A1E-8FBE-E114E590BCDD}.Ad-Hoc|iPhoneSimulator.Build.0 = Release|Any CPU
		{15B67003-C730-4A1E-8FBE-E114E590BCDD}.Ad-Hoc|iPhoneSimulator.Deploy.0 = Release|Any CPU
		{15B67003-C730-4A1E-8FBE-E114E590BCDD}.AppStore|Any CPU.ActiveCfg = Release|Any CPU
		{15B67003-C730-4A1E-8FBE-E114E590BCDD}.AppStore|Any CPU.Build.0 = Release|Any CPU
		{15B67003-C730-4A1E-8FBE-E114E590BCDD}.AppStore|Any CPU.Deploy.0 = Release|Any CPU
		{15B67003-C730-4A1E-8FBE-E114E590BCDD}.AppStore|iPhone.ActiveCfg = Release|Any CPU
		{15B67003-C730-4A1E-8FBE-E114E590BCDD}.AppStore|iPhone.Build.0 = Release|Any CPU
		{15B67003-C730-4A1E-8FBE-E114E590BCDD}.AppStore|iPhone.Deploy.0 = Release|Any CPU
		{15B67003-C730-4A1E-8FBE-E114E590BCDD}.AppStore|iPhoneSimulator.ActiveCfg = Release|Any CPU
		{15B67003-C730-4A1E-8FBE-E114E590BCDD}.AppStore|iPhoneSimulator.Build.0 = Release|Any CPU
		{15B67003-C730-4A1E-8FBE-E114E590BCDD}.AppStore|iPhoneSimulator.Deploy.0 = Release|Any CPU
		{15B67003-C730-4A1E-8FBE-E114E590BCDD}.Debug|Any CPU.ActiveCfg = Debug|Any CPU
		{15B67003-C730-4A1E-8FBE-E114E590BCDD}.Debug|Any CPU.Build.0 = Debug|Any CPU
		{15B67003-C730-4A1E-8FBE-E114E590BCDD}.Debug|Any CPU.Deploy.0 = Debug|Any CPU
		{15B67003-C730-4A1E-8FBE-E114E590BCDD}.Debug|iPhone.ActiveCfg = Debug|Any CPU
		{15B67003-C730-4A1E-8FBE-E114E590BCDD}.Debug|iPhone.Build.0 = Debug|Any CPU
		{15B67003-C730-4A1E-8FBE-E114E590BCDD}.Debug|iPhone.Deploy.0 = Debug|Any CPU
		{15B67003-C730-4A1E-8FBE-E114E590BCDD}.Debug|iPhoneSimulator.ActiveCfg = Debug|Any CPU
		{15B67003-C730-4A1E-8FBE-E114E590BCDD}.Debug|iPhoneSimulator.Build.0 = Debug|Any CPU
		{15B67003-C730-4A1E-8FBE-E114E590BCDD}.Debug|iPhoneSimulator.Deploy.0 = Debug|Any CPU
		{15B67003-C730-4A1E-8FBE-E114E590BCDD}.Release|Any CPU.ActiveCfg = Release|Any CPU
		{15B67003-C730-4A1E-8FBE-E114E590BCDD}.Release|Any CPU.Build.0 = Release|Any CPU
		{15B67003-C730-4A1E-8FBE-E114E590BCDD}.Release|Any CPU.Deploy.0 = Release|Any CPU
		{15B67003-C730-4A1E-8FBE-E114E590BCDD}.Release|iPhone.ActiveCfg = Release|Any CPU
		{15B67003-C730-4A1E-8FBE-E114E590BCDD}.Release|iPhone.Build.0 = Release|Any CPU
		{15B67003-C730-4A1E-8FBE-E114E590BCDD}.Release|iPhone.Deploy.0 = Release|Any CPU
		{15B67003-C730-4A1E-8FBE-E114E590BCDD}.Release|iPhoneSimulator.ActiveCfg = Release|Any CPU
		{15B67003-C730-4A1E-8FBE-E114E590BCDD}.Release|iPhoneSimulator.Build.0 = Release|Any CPU
		{15B67003-C730-4A1E-8FBE-E114E590BCDD}.Release|iPhoneSimulator.Deploy.0 = Release|Any CPU
		{0F6BAA7B-A7F6-4914-BB43-9B591382F07E}.Ad-Hoc|Any CPU.ActiveCfg = Ad-Hoc|iPhone
		{0F6BAA7B-A7F6-4914-BB43-9B591382F07E}.Ad-Hoc|iPhone.ActiveCfg = Ad-Hoc|iPhone
		{0F6BAA7B-A7F6-4914-BB43-9B591382F07E}.Ad-Hoc|iPhone.Build.0 = Ad-Hoc|iPhone
		{0F6BAA7B-A7F6-4914-BB43-9B591382F07E}.Ad-Hoc|iPhoneSimulator.ActiveCfg = Ad-Hoc|iPhoneSimulator
		{0F6BAA7B-A7F6-4914-BB43-9B591382F07E}.Ad-Hoc|iPhoneSimulator.Build.0 = Ad-Hoc|iPhoneSimulator
		{0F6BAA7B-A7F6-4914-BB43-9B591382F07E}.AppStore|Any CPU.ActiveCfg = AppStore|iPhone
		{0F6BAA7B-A7F6-4914-BB43-9B591382F07E}.AppStore|iPhone.ActiveCfg = AppStore|iPhone
		{0F6BAA7B-A7F6-4914-BB43-9B591382F07E}.AppStore|iPhone.Build.0 = AppStore|iPhone
		{0F6BAA7B-A7F6-4914-BB43-9B591382F07E}.AppStore|iPhoneSimulator.ActiveCfg = AppStore|iPhoneSimulator
		{0F6BAA7B-A7F6-4914-BB43-9B591382F07E}.AppStore|iPhoneSimulator.Build.0 = AppStore|iPhoneSimulator
		{0F6BAA7B-A7F6-4914-BB43-9B591382F07E}.Debug|Any CPU.ActiveCfg = Debug|iPhone
		{0F6BAA7B-A7F6-4914-BB43-9B591382F07E}.Debug|iPhone.ActiveCfg = Debug|iPhone
		{0F6BAA7B-A7F6-4914-BB43-9B591382F07E}.Debug|iPhone.Build.0 = Debug|iPhone
		{0F6BAA7B-A7F6-4914-BB43-9B591382F07E}.Debug|iPhoneSimulator.ActiveCfg = Debug|iPhoneSimulator
		{0F6BAA7B-A7F6-4914-BB43-9B591382F07E}.Debug|iPhoneSimulator.Build.0 = Debug|iPhoneSimulator
		{0F6BAA7B-A7F6-4914-BB43-9B591382F07E}.Release|Any CPU.ActiveCfg = Release|iPhone
		{0F6BAA7B-A7F6-4914-BB43-9B591382F07E}.Release|iPhone.ActiveCfg = Release|iPhone
		{0F6BAA7B-A7F6-4914-BB43-9B591382F07E}.Release|iPhone.Build.0 = Release|iPhone
		{0F6BAA7B-A7F6-4914-BB43-9B591382F07E}.Release|iPhoneSimulator.ActiveCfg = Release|iPhoneSimulator
		{0F6BAA7B-A7F6-4914-BB43-9B591382F07E}.Release|iPhoneSimulator.Build.0 = Release|iPhoneSimulator
		{A3635D30-E22A-47D7-BFA6-99C07D736582}.Ad-Hoc|Any CPU.ActiveCfg = Debug|Any CPU
		{A3635D30-E22A-47D7-BFA6-99C07D736582}.Ad-Hoc|Any CPU.Build.0 = Debug|Any CPU
		{A3635D30-E22A-47D7-BFA6-99C07D736582}.Ad-Hoc|iPhone.ActiveCfg = Debug|Any CPU
		{A3635D30-E22A-47D7-BFA6-99C07D736582}.Ad-Hoc|iPhone.Build.0 = Debug|Any CPU
		{A3635D30-E22A-47D7-BFA6-99C07D736582}.Ad-Hoc|iPhoneSimulator.ActiveCfg = Debug|Any CPU
		{A3635D30-E22A-47D7-BFA6-99C07D736582}.Ad-Hoc|iPhoneSimulator.Build.0 = Debug|Any CPU
		{A3635D30-E22A-47D7-BFA6-99C07D736582}.AppStore|Any CPU.ActiveCfg = Debug|Any CPU
		{A3635D30-E22A-47D7-BFA6-99C07D736582}.AppStore|Any CPU.Build.0 = Debug|Any CPU
		{A3635D30-E22A-47D7-BFA6-99C07D736582}.AppStore|iPhone.ActiveCfg = Debug|Any CPU
		{A3635D30-E22A-47D7-BFA6-99C07D736582}.AppStore|iPhone.Build.0 = Debug|Any CPU
		{A3635D30-E22A-47D7-BFA6-99C07D736582}.AppStore|iPhoneSimulator.ActiveCfg = Debug|Any CPU
		{A3635D30-E22A-47D7-BFA6-99C07D736582}.AppStore|iPhoneSimulator.Build.0 = Debug|Any CPU
		{A3635D30-E22A-47D7-BFA6-99C07D736582}.Debug|Any CPU.ActiveCfg = Debug|Any CPU
		{A3635D30-E22A-47D7-BFA6-99C07D736582}.Debug|Any CPU.Build.0 = Debug|Any CPU
		{A3635D30-E22A-47D7-BFA6-99C07D736582}.Debug|iPhone.ActiveCfg = Debug|Any CPU
		{A3635D30-E22A-47D7-BFA6-99C07D736582}.Debug|iPhone.Build.0 = Debug|Any CPU
		{A3635D30-E22A-47D7-BFA6-99C07D736582}.Debug|iPhoneSimulator.ActiveCfg = Debug|Any CPU
		{A3635D30-E22A-47D7-BFA6-99C07D736582}.Debug|iPhoneSimulator.Build.0 = Debug|Any CPU
		{A3635D30-E22A-47D7-BFA6-99C07D736582}.Release|Any CPU.ActiveCfg = Release|Any CPU
		{A3635D30-E22A-47D7-BFA6-99C07D736582}.Release|Any CPU.Build.0 = Release|Any CPU
		{A3635D30-E22A-47D7-BFA6-99C07D736582}.Release|iPhone.ActiveCfg = Release|Any CPU
		{A3635D30-E22A-47D7-BFA6-99C07D736582}.Release|iPhone.Build.0 = Release|Any CPU
		{A3635D30-E22A-47D7-BFA6-99C07D736582}.Release|iPhoneSimulator.ActiveCfg = Release|Any CPU
		{A3635D30-E22A-47D7-BFA6-99C07D736582}.Release|iPhoneSimulator.Build.0 = Release|Any CPU
	EndGlobalSection
	GlobalSection(SolutionProperties) = preSolution
		HideSolutionNode = FALSE
	EndGlobalSection
	GlobalSection(ExtensibilityGlobals) = postSolution
		SolutionGuid = {48EC17F3-970C-4406-B895-68D1C57DE90F}
	EndGlobalSection
EndGlobal
